// !$*UTF8*$!
{
	archiveVersion = 1;
	classes = {
	};
	objectVersion = 50;
	objects = {

/* Begin PBXBuildFile section */
		C708132022D1236B00B22BFF /* CricketHitLabelView.swift in Sources */ = {isa = PBXBuildFile; fileRef = C708131F22D1236B00B22BFF /* CricketHitLabelView.swift */; };
		C70E1EE62352495300706F81 /* ColorSelector.swift in Sources */ = {isa = PBXBuildFile; fileRef = C70E1EE52352495300706F81 /* ColorSelector.swift */; };
		C70E1EEC23525CF000706F81 /* X01CardView.swift in Sources */ = {isa = PBXBuildFile; fileRef = C70E1EEB23525CF000706F81 /* X01CardView.swift */; };
		C70E1EF2235B8B3C00706F81 /* CricketCardView.swift in Sources */ = {isa = PBXBuildFile; fileRef = C70E1EF1235B8B3B00706F81 /* CricketCardView.swift */; };
		C70E310222CBB09200269AEE /* CricketHitView.swift in Sources */ = {isa = PBXBuildFile; fileRef = C70E310122CBB09200269AEE /* CricketHitView.swift */; };
		C70EA050236F579F00EEEF39 /* Transitions.swift in Sources */ = {isa = PBXBuildFile; fileRef = C70EA04F236F579F00EEEF39 /* Transitions.swift */; };
		C72B638323007EDD008B0189 /* ViewStyle.swift in Sources */ = {isa = PBXBuildFile; fileRef = C72B638223007EDD008B0189 /* ViewStyle.swift */; };
		C7567EDE2437AA030091C0EA /* Stack.swift in Sources */ = {isa = PBXBuildFile; fileRef = C7567EDD2437AA030091C0EA /* Stack.swift */; };
		C75C5F3823022FF80019C8B7 /* DartPlayerUnit.swift in Sources */ = {isa = PBXBuildFile; fileRef = C75C5F3723022FF80019C8B7 /* DartPlayerUnit.swift */; };
		C75C5F3923022FF80019C8B7 /* DartPlayerUnit.swift in Sources */ = {isa = PBXBuildFile; fileRef = C75C5F3723022FF80019C8B7 /* DartPlayerUnit.swift */; };
		C75C5F3B2303281F0019C8B7 /* DartAction.swift in Sources */ = {isa = PBXBuildFile; fileRef = C75C5F3A2303281F0019C8B7 /* DartAction.swift */; };
		C75C5F3C2303281F0019C8B7 /* DartAction.swift in Sources */ = {isa = PBXBuildFile; fileRef = C75C5F3A2303281F0019C8B7 /* DartAction.swift */; };
		C75C5F3F2303287D0019C8B7 /* DartThrow.swift in Sources */ = {isa = PBXBuildFile; fileRef = C75C5F3E2303287D0019C8B7 /* DartThrow.swift */; };
		C75C5F402303287D0019C8B7 /* DartThrow.swift in Sources */ = {isa = PBXBuildFile; fileRef = C75C5F3E2303287D0019C8B7 /* DartThrow.swift */; };
		C75C5F4223032DC60019C8B7 /* TurnChange.swift in Sources */ = {isa = PBXBuildFile; fileRef = C75C5F4123032DC60019C8B7 /* TurnChange.swift */; };
		C75C5F4323032DC60019C8B7 /* TurnChange.swift in Sources */ = {isa = PBXBuildFile; fileRef = C75C5F4123032DC60019C8B7 /* TurnChange.swift */; };
		C75DDF76237F1423004196D8 /* DartPlayerTests.swift in Sources */ = {isa = PBXBuildFile; fileRef = C75DDF75237F1423004196D8 /* DartPlayerTests.swift */; };
		C77EF0A4232D4C57004B4045 /* HomeView.swift in Sources */ = {isa = PBXBuildFile; fileRef = C77EF0A3232D4C57004B4045 /* HomeView.swift */; };
		C78C7122240068290077C465 /* EditPlayerNameModal.swift in Sources */ = {isa = PBXBuildFile; fileRef = C78C7121240068290077C465 /* EditPlayerNameModal.swift */; };
		C78C712524007AFF0077C465 /* KeyboardResponder.swift in Sources */ = {isa = PBXBuildFile; fileRef = C78C712424007AFF0077C465 /* KeyboardResponder.swift */; };
		C78EDD25230D9DC500700A55 /* DartTurn.swift in Sources */ = {isa = PBXBuildFile; fileRef = C78EDD24230D9DC500700A55 /* DartTurn.swift */; };
		C78EDD26230D9DC500700A55 /* DartTurn.swift in Sources */ = {isa = PBXBuildFile; fileRef = C78EDD24230D9DC500700A55 /* DartTurn.swift */; };
		C78EDD28230F044F00700A55 /* DartThrowOnTurn.swift in Sources */ = {isa = PBXBuildFile; fileRef = C78EDD27230F044E00700A55 /* DartThrowOnTurn.swift */; };
		C78EDD29230F044F00700A55 /* DartThrowOnTurn.swift in Sources */ = {isa = PBXBuildFile; fileRef = C78EDD27230F044E00700A55 /* DartThrowOnTurn.swift */; };
		C793D2DD25AA4DA900DB34E1 /* Launch Screen.storyboard in Resources */ = {isa = PBXBuildFile; fileRef = C793D2DC25AA4DA900DB34E1 /* Launch Screen.storyboard */; };
		C7983E2422CACC0E00ACC903 /* CricketGameView.swift in Sources */ = {isa = PBXBuildFile; fileRef = C7983E2322CACC0E00ACC903 /* CricketGameView.swift */; };
		C7983E2622CACC1200ACC903 /* Assets.xcassets in Resources */ = {isa = PBXBuildFile; fileRef = C7983E2522CACC1200ACC903 /* Assets.xcassets */; };
		C7983E2922CACC1200ACC903 /* Preview Assets.xcassets in Resources */ = {isa = PBXBuildFile; fileRef = C7983E2822CACC1200ACC903 /* Preview Assets.xcassets */; };
		C7983E4222CACC1200ACC903 /* TheadDartsUITests.swift in Sources */ = {isa = PBXBuildFile; fileRef = C7983E4122CACC1200ACC903 /* TheadDartsUITests.swift */; };
		C7983E5422CACC7000ACC903 /* Wedge.swift in Sources */ = {isa = PBXBuildFile; fileRef = C7983E5322CACC7000ACC903 /* Wedge.swift */; };
		C7983E5522CACC7000ACC903 /* Wedge.swift in Sources */ = {isa = PBXBuildFile; fileRef = C7983E5322CACC7000ACC903 /* Wedge.swift */; };
		C7983E5722CACC8300ACC903 /* Multiplier.swift in Sources */ = {isa = PBXBuildFile; fileRef = C7983E5622CACC8300ACC903 /* Multiplier.swift */; };
		C7983E5822CACC8300ACC903 /* Multiplier.swift in Sources */ = {isa = PBXBuildFile; fileRef = C7983E5622CACC8300ACC903 /* Multiplier.swift */; };
		C7983E5A22CACC9900ACC903 /* CricketGame.swift in Sources */ = {isa = PBXBuildFile; fileRef = C7983E5922CACC9900ACC903 /* CricketGame.swift */; };
		C7983E5B22CACC9900ACC903 /* CricketGame.swift in Sources */ = {isa = PBXBuildFile; fileRef = C7983E5922CACC9900ACC903 /* CricketGame.swift */; };
		C7983E6022CACCBF00ACC903 /* CricketScore.swift in Sources */ = {isa = PBXBuildFile; fileRef = C7983E5F22CACCBF00ACC903 /* CricketScore.swift */; };
		C7983E6122CACCBF00ACC903 /* CricketScore.swift in Sources */ = {isa = PBXBuildFile; fileRef = C7983E5F22CACCBF00ACC903 /* CricketScore.swift */; };
		C7983E6322CACCD300ACC903 /* CricketScoreKeeper.swift in Sources */ = {isa = PBXBuildFile; fileRef = C7983E6222CACCD300ACC903 /* CricketScoreKeeper.swift */; };
		C7983E6422CACCD300ACC903 /* CricketScoreKeeper.swift in Sources */ = {isa = PBXBuildFile; fileRef = C7983E6222CACCD300ACC903 /* CricketScoreKeeper.swift */; };
		C7983E6622CACCE800ACC903 /* DartGame.swift in Sources */ = {isa = PBXBuildFile; fileRef = C7983E6522CACCE800ACC903 /* DartGame.swift */; };
		C7983E6722CACCE800ACC903 /* DartGame.swift in Sources */ = {isa = PBXBuildFile; fileRef = C7983E6522CACCE800ACC903 /* DartGame.swift */; };
		C7983E6922CACCFA00ACC903 /* DartPlayer.swift in Sources */ = {isa = PBXBuildFile; fileRef = C7983E6822CACCFA00ACC903 /* DartPlayer.swift */; };
		C7983E6A22CACCFA00ACC903 /* DartPlayer.swift in Sources */ = {isa = PBXBuildFile; fileRef = C7983E6822CACCFA00ACC903 /* DartPlayer.swift */; };
		C7983E6C22CACD0D00ACC903 /* DartScore.swift in Sources */ = {isa = PBXBuildFile; fileRef = C7983E6B22CACD0D00ACC903 /* DartScore.swift */; };
		C7983E6D22CACD0D00ACC903 /* DartScore.swift in Sources */ = {isa = PBXBuildFile; fileRef = C7983E6B22CACD0D00ACC903 /* DartScore.swift */; };
		C7983E6F22CACD1F00ACC903 /* DartScoreKeeper.swift in Sources */ = {isa = PBXBuildFile; fileRef = C7983E6E22CACD1F00ACC903 /* DartScoreKeeper.swift */; };
		C7983E7022CACD1F00ACC903 /* DartScoreKeeper.swift in Sources */ = {isa = PBXBuildFile; fileRef = C7983E6E22CACD1F00ACC903 /* DartScoreKeeper.swift */; };
		C7983E7322CACD4800ACC903 /* CricketGameTests.swift in Sources */ = {isa = PBXBuildFile; fileRef = C7983E7222CACD4800ACC903 /* CricketGameTests.swift */; };
		C7983E7722CACD7800ACC903 /* CricketScoreTests.swift in Sources */ = {isa = PBXBuildFile; fileRef = C7983E7622CACD7800ACC903 /* CricketScoreTests.swift */; };
		C79CFA7B239D8CB8001EB8A8 /* PlayerUnitView.swift in Sources */ = {isa = PBXBuildFile; fileRef = C79CFA7A239D8CB8001EB8A8 /* PlayerUnitView.swift */; };
		C79CFA7E239F3034001EB8A8 /* CardView.swift in Sources */ = {isa = PBXBuildFile; fileRef = C79CFA7D239F3034001EB8A8 /* CardView.swift */; };
		C79CFA81239F3512001EB8A8 /* GameType.swift in Sources */ = {isa = PBXBuildFile; fileRef = C79CFA80239F3512001EB8A8 /* GameType.swift */; };
		C79CFA82239F3512001EB8A8 /* GameType.swift in Sources */ = {isa = PBXBuildFile; fileRef = C79CFA80239F3512001EB8A8 /* GameType.swift */; };
		C79CFA84239F357D001EB8A8 /* SettingsCardView.swift in Sources */ = {isa = PBXBuildFile; fileRef = C79CFA83239F357D001EB8A8 /* SettingsCardView.swift */; };
		C79CFA87239F3F81001EB8A8 /* BoolExtensions.swift in Sources */ = {isa = PBXBuildFile; fileRef = C79CFA86239F3F81001EB8A8 /* BoolExtensions.swift */; };
		C79CFA88239F3F81001EB8A8 /* BoolExtensions.swift in Sources */ = {isa = PBXBuildFile; fileRef = C79CFA86239F3F81001EB8A8 /* BoolExtensions.swift */; };
		C7AABF9F238069D4001DA6F7 /* PlayerUnitViewModel.swift in Sources */ = {isa = PBXBuildFile; fileRef = C7AABF9E238069D4001DA6F7 /* PlayerUnitViewModel.swift */; };
		C7AABFA323806F5D001DA6F7 /* X01GameViewModel.swift in Sources */ = {isa = PBXBuildFile; fileRef = C7AABFA223806F5D001DA6F7 /* X01GameViewModel.swift */; };
		C7AABFA72381A0FB001DA6F7 /* CricketGameViewModel.swift in Sources */ = {isa = PBXBuildFile; fileRef = C7AABFA62381A0FB001DA6F7 /* CricketGameViewModel.swift */; };
		C7AABFAA2381A754001DA6F7 /* CricketScoreViewModel.swift in Sources */ = {isa = PBXBuildFile; fileRef = C7AABFA92381A754001DA6F7 /* CricketScoreViewModel.swift */; };
		C7AC884124B2553500691118 /* TheadDartsView.swift in Sources */ = {isa = PBXBuildFile; fileRef = C7AC884024B2553500691118 /* TheadDartsView.swift */; };
		C7AC884224B2553500691118 /* TheadDartsView.swift in Sources */ = {isa = PBXBuildFile; fileRef = C7AC884024B2553500691118 /* TheadDartsView.swift */; };
		C7AC884324B2553500691118 /* TheadDartsView.swift in Sources */ = {isa = PBXBuildFile; fileRef = C7AC884024B2553500691118 /* TheadDartsView.swift */; };
		C7AC884424B25A7100691118 /* Stack.swift in Sources */ = {isa = PBXBuildFile; fileRef = C7567EDD2437AA030091C0EA /* Stack.swift */; };
		C7B78DB8237B166700F71E01 /* NewGameModal.swift in Sources */ = {isa = PBXBuildFile; fileRef = C7B78DB7237B166700F71E01 /* NewGameModal.swift */; };
		C7B78DBB237B1B9F00F71E01 /* WinnerModal.swift in Sources */ = {isa = PBXBuildFile; fileRef = C7B78DBA237B1B9F00F71E01 /* WinnerModal.swift */; };
		C7C52525232EDC62009AF03B /* X01Score.swift in Sources */ = {isa = PBXBuildFile; fileRef = C7C52524232EDC62009AF03B /* X01Score.swift */; };
		C7C52526232EDC62009AF03B /* X01Score.swift in Sources */ = {isa = PBXBuildFile; fileRef = C7C52524232EDC62009AF03B /* X01Score.swift */; };
		C7C5252D232EE3C8009AF03B /* X01ScoreTests.swift in Sources */ = {isa = PBXBuildFile; fileRef = C7C5252C232EE3C8009AF03B /* X01ScoreTests.swift */; };
		C7CC2A1024E6FFAB00F317A5 /* ViewUtilities.swift in Sources */ = {isa = PBXBuildFile; fileRef = C7CC2A0F24E6FFAB00F317A5 /* ViewUtilities.swift */; };
		C7CC2A1124E6FFAB00F317A5 /* ViewUtilities.swift in Sources */ = {isa = PBXBuildFile; fileRef = C7CC2A0F24E6FFAB00F317A5 /* ViewUtilities.swift */; };
		C7CC2A1224E6FFAB00F317A5 /* ViewUtilities.swift in Sources */ = {isa = PBXBuildFile; fileRef = C7CC2A0F24E6FFAB00F317A5 /* ViewUtilities.swift */; };
		C7D61D0C232D2A770098D339 /* CricketMarkView.swift in Sources */ = {isa = PBXBuildFile; fileRef = C7D61D0B232D2A770098D339 /* CricketMarkView.swift */; };
		C7DB791024E37DD60007C0A8 /* HomeView.swift in Sources */ = {isa = PBXBuildFile; fileRef = C77EF0A3232D4C57004B4045 /* HomeView.swift */; };
		C7DB791124E37DDC0007C0A8 /* HomeView.swift in Sources */ = {isa = PBXBuildFile; fileRef = C77EF0A3232D4C57004B4045 /* HomeView.swift */; };
		C7DB791224E37E170007C0A8 /* UserSettings.swift in Sources */ = {isa = PBXBuildFile; fileRef = C7F46D282340FDBB00C3C3F7 /* UserSettings.swift */; };
		C7DB791324E37E280007C0A8 /* GameType.swift in Sources */ = {isa = PBXBuildFile; fileRef = C79CFA80239F3512001EB8A8 /* GameType.swift */; };
		C7DB791424E37E370007C0A8 /* SettingsCardView.swift in Sources */ = {isa = PBXBuildFile; fileRef = C79CFA83239F357D001EB8A8 /* SettingsCardView.swift */; };
		C7DB791524E37E380007C0A8 /* SettingsCardView.swift in Sources */ = {isa = PBXBuildFile; fileRef = C79CFA83239F357D001EB8A8 /* SettingsCardView.swift */; };
		C7DB791624E37E440007C0A8 /* KeyboardResponder.swift in Sources */ = {isa = PBXBuildFile; fileRef = C78C712424007AFF0077C465 /* KeyboardResponder.swift */; };
		C7DB791724E37E440007C0A8 /* KeyboardResponder.swift in Sources */ = {isa = PBXBuildFile; fileRef = C78C712424007AFF0077C465 /* KeyboardResponder.swift */; };
		C7DB791824E37E470007C0A8 /* PlayerUnitView.swift in Sources */ = {isa = PBXBuildFile; fileRef = C79CFA7A239D8CB8001EB8A8 /* PlayerUnitView.swift */; };
		C7DB791924E37E480007C0A8 /* PlayerUnitView.swift in Sources */ = {isa = PBXBuildFile; fileRef = C79CFA7A239D8CB8001EB8A8 /* PlayerUnitView.swift */; };
		C7DB791A24E37E4B0007C0A8 /* CardView.swift in Sources */ = {isa = PBXBuildFile; fileRef = C79CFA7D239F3034001EB8A8 /* CardView.swift */; };
		C7DB791B24E37E4B0007C0A8 /* CardView.swift in Sources */ = {isa = PBXBuildFile; fileRef = C79CFA7D239F3034001EB8A8 /* CardView.swift */; };
		C7DB791C24E37E4F0007C0A8 /* NewGameModal.swift in Sources */ = {isa = PBXBuildFile; fileRef = C7B78DB7237B166700F71E01 /* NewGameModal.swift */; };
		C7DB791D24E37E510007C0A8 /* NewGameModal.swift in Sources */ = {isa = PBXBuildFile; fileRef = C7B78DB7237B166700F71E01 /* NewGameModal.swift */; };
		C7DB791E24E37E560007C0A8 /* EditPlayerNameModal.swift in Sources */ = {isa = PBXBuildFile; fileRef = C78C7121240068290077C465 /* EditPlayerNameModal.swift */; };
		C7DB791F24E37E560007C0A8 /* WinnerModal.swift in Sources */ = {isa = PBXBuildFile; fileRef = C7B78DBA237B1B9F00F71E01 /* WinnerModal.swift */; };
		C7DB792024E37E560007C0A8 /* EditPlayerNameModal.swift in Sources */ = {isa = PBXBuildFile; fileRef = C78C7121240068290077C465 /* EditPlayerNameModal.swift */; };
		C7DB792124E37E560007C0A8 /* WinnerModal.swift in Sources */ = {isa = PBXBuildFile; fileRef = C7B78DBA237B1B9F00F71E01 /* WinnerModal.swift */; };
		C7DB792224E37E5C0007C0A8 /* X01GameView.swift in Sources */ = {isa = PBXBuildFile; fileRef = C7F46D2023402BCE00C3C3F7 /* X01GameView.swift */; };
		C7DB792324E37E5C0007C0A8 /* X01HitView.swift in Sources */ = {isa = PBXBuildFile; fileRef = C7F46D262340CB4800C3C3F7 /* X01HitView.swift */; };
		C7DB792424E37E5C0007C0A8 /* X01GameView.swift in Sources */ = {isa = PBXBuildFile; fileRef = C7F46D2023402BCE00C3C3F7 /* X01GameView.swift */; };
		C7DB792524E37E5C0007C0A8 /* X01HitView.swift in Sources */ = {isa = PBXBuildFile; fileRef = C7F46D262340CB4800C3C3F7 /* X01HitView.swift */; };
		C7DB792624E37E650007C0A8 /* X01CardView.swift in Sources */ = {isa = PBXBuildFile; fileRef = C70E1EEB23525CF000706F81 /* X01CardView.swift */; };
		C7DB792724E37E650007C0A8 /* CricketCardView.swift in Sources */ = {isa = PBXBuildFile; fileRef = C70E1EF1235B8B3B00706F81 /* CricketCardView.swift */; };
		C7DB792824E37E660007C0A8 /* X01CardView.swift in Sources */ = {isa = PBXBuildFile; fileRef = C70E1EEB23525CF000706F81 /* X01CardView.swift */; };
		C7DB792924E37E660007C0A8 /* CricketCardView.swift in Sources */ = {isa = PBXBuildFile; fileRef = C70E1EF1235B8B3B00706F81 /* CricketCardView.swift */; };
		C7DB792A24E37E6E0007C0A8 /* ViewStyle.swift in Sources */ = {isa = PBXBuildFile; fileRef = C72B638223007EDD008B0189 /* ViewStyle.swift */; };
		C7DB792B24E37E6E0007C0A8 /* TextStyles.swift in Sources */ = {isa = PBXBuildFile; fileRef = C7E3C59E236E02A20098A122 /* TextStyles.swift */; };
		C7DB792C24E37E6E0007C0A8 /* ColorSelector.swift in Sources */ = {isa = PBXBuildFile; fileRef = C70E1EE52352495300706F81 /* ColorSelector.swift */; };
		C7DB792D24E37E6E0007C0A8 /* ButtonStyles.swift in Sources */ = {isa = PBXBuildFile; fileRef = C7E3C59B236C99620098A122 /* ButtonStyles.swift */; };
		C7DB792E24E37E6E0007C0A8 /* Transitions.swift in Sources */ = {isa = PBXBuildFile; fileRef = C70EA04F236F579F00EEEF39 /* Transitions.swift */; };
		C7DB792F24E37E6F0007C0A8 /* ViewStyle.swift in Sources */ = {isa = PBXBuildFile; fileRef = C72B638223007EDD008B0189 /* ViewStyle.swift */; };
		C7DB793024E37E6F0007C0A8 /* TextStyles.swift in Sources */ = {isa = PBXBuildFile; fileRef = C7E3C59E236E02A20098A122 /* TextStyles.swift */; };
		C7DB793124E37E6F0007C0A8 /* ColorSelector.swift in Sources */ = {isa = PBXBuildFile; fileRef = C70E1EE52352495300706F81 /* ColorSelector.swift */; };
		C7DB793224E37E6F0007C0A8 /* ButtonStyles.swift in Sources */ = {isa = PBXBuildFile; fileRef = C7E3C59B236C99620098A122 /* ButtonStyles.swift */; };
		C7DB793324E37E6F0007C0A8 /* Transitions.swift in Sources */ = {isa = PBXBuildFile; fileRef = C70EA04F236F579F00EEEF39 /* Transitions.swift */; };
		C7DB793424E37E760007C0A8 /* CricketHitView.swift in Sources */ = {isa = PBXBuildFile; fileRef = C70E310122CBB09200269AEE /* CricketHitView.swift */; };
		C7DB793524E37E760007C0A8 /* CricketGameView.swift in Sources */ = {isa = PBXBuildFile; fileRef = C7983E2322CACC0E00ACC903 /* CricketGameView.swift */; };
		C7DB793624E37E760007C0A8 /* CricketMarkView.swift in Sources */ = {isa = PBXBuildFile; fileRef = C7D61D0B232D2A770098D339 /* CricketMarkView.swift */; };
		C7DB793724E37E760007C0A8 /* CricketHitLabelView.swift in Sources */ = {isa = PBXBuildFile; fileRef = C708131F22D1236B00B22BFF /* CricketHitLabelView.swift */; };
		C7DB793824E37E770007C0A8 /* CricketHitView.swift in Sources */ = {isa = PBXBuildFile; fileRef = C70E310122CBB09200269AEE /* CricketHitView.swift */; };
		C7DB793924E37E770007C0A8 /* CricketGameView.swift in Sources */ = {isa = PBXBuildFile; fileRef = C7983E2322CACC0E00ACC903 /* CricketGameView.swift */; };
		C7DB793A24E37E770007C0A8 /* CricketMarkView.swift in Sources */ = {isa = PBXBuildFile; fileRef = C7D61D0B232D2A770098D339 /* CricketMarkView.swift */; };
		C7DB793B24E37E770007C0A8 /* CricketHitLabelView.swift in Sources */ = {isa = PBXBuildFile; fileRef = C708131F22D1236B00B22BFF /* CricketHitLabelView.swift */; };
		C7DB793C24E37E7B0007C0A8 /* DartPlayer.swift in Sources */ = {isa = PBXBuildFile; fileRef = C7983E6822CACCFA00ACC903 /* DartPlayer.swift */; };
		C7DB793D24E37E7E0007C0A8 /* DartPlayerUnit.swift in Sources */ = {isa = PBXBuildFile; fileRef = C75C5F3723022FF80019C8B7 /* DartPlayerUnit.swift */; };
		C7DB793E24E37E840007C0A8 /* CricketScoreKeeper.swift in Sources */ = {isa = PBXBuildFile; fileRef = C7983E6222CACCD300ACC903 /* CricketScoreKeeper.swift */; };
		C7DB793F24E37E840007C0A8 /* CricketScore.swift in Sources */ = {isa = PBXBuildFile; fileRef = C7983E5F22CACCBF00ACC903 /* CricketScore.swift */; };
		C7DB794024E37E840007C0A8 /* CricketGame.swift in Sources */ = {isa = PBXBuildFile; fileRef = C7983E5922CACC9900ACC903 /* CricketGame.swift */; };
		C7DB794124E37E8B0007C0A8 /* X01Score.swift in Sources */ = {isa = PBXBuildFile; fileRef = C7C52524232EDC62009AF03B /* X01Score.swift */; };
		C7DB794224E37E8B0007C0A8 /* X01Game.swift in Sources */ = {isa = PBXBuildFile; fileRef = C7F46D17233F9B2800C3C3F7 /* X01Game.swift */; };
		C7DB794324E37E8B0007C0A8 /* X01ScoreKeeper.swift in Sources */ = {isa = PBXBuildFile; fileRef = C7F46D1A233F9BAE00C3C3F7 /* X01ScoreKeeper.swift */; };
		C7DB794424E37E900007C0A8 /* Stack.swift in Sources */ = {isa = PBXBuildFile; fileRef = C7567EDD2437AA030091C0EA /* Stack.swift */; };
		C7DB794524E37E900007C0A8 /* BoolExtensions.swift in Sources */ = {isa = PBXBuildFile; fileRef = C79CFA86239F3F81001EB8A8 /* BoolExtensions.swift */; };
		C7DB794624E37E970007C0A8 /* TurnChange.swift in Sources */ = {isa = PBXBuildFile; fileRef = C75C5F4123032DC60019C8B7 /* TurnChange.swift */; };
		C7DB794724E37E970007C0A8 /* DartThrow.swift in Sources */ = {isa = PBXBuildFile; fileRef = C75C5F3E2303287D0019C8B7 /* DartThrow.swift */; };
		C7DB794824E37E970007C0A8 /* DartTurn.swift in Sources */ = {isa = PBXBuildFile; fileRef = C78EDD24230D9DC500700A55 /* DartTurn.swift */; };
		C7DB794924E37E970007C0A8 /* DartThrowOnTurn.swift in Sources */ = {isa = PBXBuildFile; fileRef = C78EDD27230F044E00700A55 /* DartThrowOnTurn.swift */; };
		C7DB794A24E37E970007C0A8 /* Marks.swift in Sources */ = {isa = PBXBuildFile; fileRef = C7E3C598236BB86A0098A122 /* Marks.swift */; };
		C7DB794B24E37E9B0007C0A8 /* Wedge.swift in Sources */ = {isa = PBXBuildFile; fileRef = C7983E5322CACC7000ACC903 /* Wedge.swift */; };
		C7DB794C24E37E9B0007C0A8 /* Multiplier.swift in Sources */ = {isa = PBXBuildFile; fileRef = C7983E5622CACC8300ACC903 /* Multiplier.swift */; };
		C7DB794D24E37EA10007C0A8 /* DartGame.swift in Sources */ = {isa = PBXBuildFile; fileRef = C7983E6522CACCE800ACC903 /* DartGame.swift */; };
		C7DB794E24E37EA10007C0A8 /* DartScoreKeeper.swift in Sources */ = {isa = PBXBuildFile; fileRef = C7983E6E22CACD1F00ACC903 /* DartScoreKeeper.swift */; };
		C7DB794F24E37EA10007C0A8 /* DartScore.swift in Sources */ = {isa = PBXBuildFile; fileRef = C7983E6B22CACD0D00ACC903 /* DartScore.swift */; };
		C7DB795024E37EA10007C0A8 /* DartAction.swift in Sources */ = {isa = PBXBuildFile; fileRef = C75C5F3A2303281F0019C8B7 /* DartAction.swift */; };
		C7DB795124E37EBA0007C0A8 /* CricketScoreViewModel.swift in Sources */ = {isa = PBXBuildFile; fileRef = C7AABFA92381A754001DA6F7 /* CricketScoreViewModel.swift */; };
		C7DB795224E37EBA0007C0A8 /* CricketGameViewModel.swift in Sources */ = {isa = PBXBuildFile; fileRef = C7AABFA62381A0FB001DA6F7 /* CricketGameViewModel.swift */; };
		C7DB795324E37EBB0007C0A8 /* CricketScoreViewModel.swift in Sources */ = {isa = PBXBuildFile; fileRef = C7AABFA92381A754001DA6F7 /* CricketScoreViewModel.swift */; };
		C7DB795424E37EBB0007C0A8 /* CricketGameViewModel.swift in Sources */ = {isa = PBXBuildFile; fileRef = C7AABFA62381A0FB001DA6F7 /* CricketGameViewModel.swift */; };
		C7DB795524E37EBE0007C0A8 /* X01GameViewModel.swift in Sources */ = {isa = PBXBuildFile; fileRef = C7AABFA223806F5D001DA6F7 /* X01GameViewModel.swift */; };
		C7DB795624E37EBE0007C0A8 /* PlayerUnitViewModel.swift in Sources */ = {isa = PBXBuildFile; fileRef = C7AABF9E238069D4001DA6F7 /* PlayerUnitViewModel.swift */; };
		C7DB795724E37EBF0007C0A8 /* X01GameViewModel.swift in Sources */ = {isa = PBXBuildFile; fileRef = C7AABFA223806F5D001DA6F7 /* X01GameViewModel.swift */; };
		C7DB795824E37EBF0007C0A8 /* PlayerUnitViewModel.swift in Sources */ = {isa = PBXBuildFile; fileRef = C7AABF9E238069D4001DA6F7 /* PlayerUnitViewModel.swift */; };
		C7E3C599236BB86A0098A122 /* Marks.swift in Sources */ = {isa = PBXBuildFile; fileRef = C7E3C598236BB86A0098A122 /* Marks.swift */; };
		C7E3C59A236BB86A0098A122 /* Marks.swift in Sources */ = {isa = PBXBuildFile; fileRef = C7E3C598236BB86A0098A122 /* Marks.swift */; };
		C7E3C59C236C99620098A122 /* ButtonStyles.swift in Sources */ = {isa = PBXBuildFile; fileRef = C7E3C59B236C99620098A122 /* ButtonStyles.swift */; };
		C7E3C59F236E02A20098A122 /* TextStyles.swift in Sources */ = {isa = PBXBuildFile; fileRef = C7E3C59E236E02A20098A122 /* TextStyles.swift */; };
		C7F46D18233F9B2900C3C3F7 /* X01Game.swift in Sources */ = {isa = PBXBuildFile; fileRef = C7F46D17233F9B2800C3C3F7 /* X01Game.swift */; };
		C7F46D19233F9B2900C3C3F7 /* X01Game.swift in Sources */ = {isa = PBXBuildFile; fileRef = C7F46D17233F9B2800C3C3F7 /* X01Game.swift */; };
		C7F46D1B233F9BAE00C3C3F7 /* X01ScoreKeeper.swift in Sources */ = {isa = PBXBuildFile; fileRef = C7F46D1A233F9BAE00C3C3F7 /* X01ScoreKeeper.swift */; };
		C7F46D1C233F9BAE00C3C3F7 /* X01ScoreKeeper.swift in Sources */ = {isa = PBXBuildFile; fileRef = C7F46D1A233F9BAE00C3C3F7 /* X01ScoreKeeper.swift */; };
		C7F46D1E233FA38A00C3C3F7 /* X01GameTests.swift in Sources */ = {isa = PBXBuildFile; fileRef = C7F46D1D233FA38A00C3C3F7 /* X01GameTests.swift */; };
		C7F46D2123402BCE00C3C3F7 /* X01GameView.swift in Sources */ = {isa = PBXBuildFile; fileRef = C7F46D2023402BCE00C3C3F7 /* X01GameView.swift */; };
		C7F46D272340CB4800C3C3F7 /* X01HitView.swift in Sources */ = {isa = PBXBuildFile; fileRef = C7F46D262340CB4800C3C3F7 /* X01HitView.swift */; };
		C7F46D292340FDBB00C3C3F7 /* UserSettings.swift in Sources */ = {isa = PBXBuildFile; fileRef = C7F46D282340FDBB00C3C3F7 /* UserSettings.swift */; };
		C7F46D2A2340FDBB00C3C3F7 /* UserSettings.swift in Sources */ = {isa = PBXBuildFile; fileRef = C7F46D282340FDBB00C3C3F7 /* UserSettings.swift */; };
/* End PBXBuildFile section */

/* Begin PBXContainerItemProxy section */
		C7983E3322CACC1200ACC903 /* PBXContainerItemProxy */ = {
			isa = PBXContainerItemProxy;
			containerPortal = C7983E1422CACC0E00ACC903 /* Project object */;
			proxyType = 1;
			remoteGlobalIDString = C7983E1B22CACC0E00ACC903;
			remoteInfo = TheadDarts;
		};
		C7983E3E22CACC1200ACC903 /* PBXContainerItemProxy */ = {
			isa = PBXContainerItemProxy;
			containerPortal = C7983E1422CACC0E00ACC903 /* Project object */;
			proxyType = 1;
			remoteGlobalIDString = C7983E1B22CACC0E00ACC903;
			remoteInfo = TheadDarts;
		};
/* End PBXContainerItemProxy section */

/* Begin PBXFileReference section */
		C708131F22D1236B00B22BFF /* CricketHitLabelView.swift */ = {isa = PBXFileReference; lastKnownFileType = sourcecode.swift; path = CricketHitLabelView.swift; sourceTree = "<group>"; };
		C70E1EE52352495300706F81 /* ColorSelector.swift */ = {isa = PBXFileReference; lastKnownFileType = sourcecode.swift; path = ColorSelector.swift; sourceTree = "<group>"; };
		C70E1EEB23525CF000706F81 /* X01CardView.swift */ = {isa = PBXFileReference; lastKnownFileType = sourcecode.swift; path = X01CardView.swift; sourceTree = "<group>"; };
		C70E1EF1235B8B3B00706F81 /* CricketCardView.swift */ = {isa = PBXFileReference; lastKnownFileType = sourcecode.swift; path = CricketCardView.swift; sourceTree = "<group>"; };
		C70E310122CBB09200269AEE /* CricketHitView.swift */ = {isa = PBXFileReference; lastKnownFileType = sourcecode.swift; path = CricketHitView.swift; sourceTree = "<group>"; };
		C70EA04F236F579F00EEEF39 /* Transitions.swift */ = {isa = PBXFileReference; lastKnownFileType = sourcecode.swift; path = Transitions.swift; sourceTree = "<group>"; };
		C72B638223007EDD008B0189 /* ViewStyle.swift */ = {isa = PBXFileReference; lastKnownFileType = sourcecode.swift; path = ViewStyle.swift; sourceTree = "<group>"; };
		C7567EDD2437AA030091C0EA /* Stack.swift */ = {isa = PBXFileReference; lastKnownFileType = sourcecode.swift; path = Stack.swift; sourceTree = "<group>"; };
		C75C5F3723022FF80019C8B7 /* DartPlayerUnit.swift */ = {isa = PBXFileReference; lastKnownFileType = sourcecode.swift; path = DartPlayerUnit.swift; sourceTree = "<group>"; };
		C75C5F3A2303281F0019C8B7 /* DartAction.swift */ = {isa = PBXFileReference; lastKnownFileType = sourcecode.swift; path = DartAction.swift; sourceTree = "<group>"; };
		C75C5F3E2303287D0019C8B7 /* DartThrow.swift */ = {isa = PBXFileReference; lastKnownFileType = sourcecode.swift; path = DartThrow.swift; sourceTree = "<group>"; };
		C75C5F4123032DC60019C8B7 /* TurnChange.swift */ = {isa = PBXFileReference; lastKnownFileType = sourcecode.swift; path = TurnChange.swift; sourceTree = "<group>"; };
		C75DDF75237F1423004196D8 /* DartPlayerTests.swift */ = {isa = PBXFileReference; lastKnownFileType = sourcecode.swift; path = DartPlayerTests.swift; sourceTree = "<group>"; };
		C77EF0A3232D4C57004B4045 /* HomeView.swift */ = {isa = PBXFileReference; lastKnownFileType = sourcecode.swift; path = HomeView.swift; sourceTree = "<group>"; };
		C78C7121240068290077C465 /* EditPlayerNameModal.swift */ = {isa = PBXFileReference; lastKnownFileType = sourcecode.swift; path = EditPlayerNameModal.swift; sourceTree = "<group>"; };
		C78C712424007AFF0077C465 /* KeyboardResponder.swift */ = {isa = PBXFileReference; lastKnownFileType = sourcecode.swift; path = KeyboardResponder.swift; sourceTree = "<group>"; };
		C78EDD24230D9DC500700A55 /* DartTurn.swift */ = {isa = PBXFileReference; lastKnownFileType = sourcecode.swift; path = DartTurn.swift; sourceTree = "<group>"; };
		C78EDD27230F044E00700A55 /* DartThrowOnTurn.swift */ = {isa = PBXFileReference; lastKnownFileType = sourcecode.swift; path = DartThrowOnTurn.swift; sourceTree = "<group>"; };
		C793D2DC25AA4DA900DB34E1 /* Launch Screen.storyboard */ = {isa = PBXFileReference; lastKnownFileType = file.storyboard; path = "Launch Screen.storyboard"; sourceTree = "<group>"; };
		C7983E1C22CACC0E00ACC903 /* Darts.app */ = {isa = PBXFileReference; explicitFileType = wrapper.application; includeInIndex = 0; path = Darts.app; sourceTree = BUILT_PRODUCTS_DIR; };
		C7983E2322CACC0E00ACC903 /* CricketGameView.swift */ = {isa = PBXFileReference; lastKnownFileType = sourcecode.swift; path = CricketGameView.swift; sourceTree = "<group>"; };
		C7983E2522CACC1200ACC903 /* Assets.xcassets */ = {isa = PBXFileReference; lastKnownFileType = folder.assetcatalog; path = Assets.xcassets; sourceTree = "<group>"; };
		C7983E2822CACC1200ACC903 /* Preview Assets.xcassets */ = {isa = PBXFileReference; lastKnownFileType = folder.assetcatalog; path = "Preview Assets.xcassets"; sourceTree = "<group>"; };
		C7983E2D22CACC1200ACC903 /* Info.plist */ = {isa = PBXFileReference; lastKnownFileType = text.plist.xml; path = Info.plist; sourceTree = "<group>"; };
		C7983E3222CACC1200ACC903 /* TheadDartsTests.xctest */ = {isa = PBXFileReference; explicitFileType = wrapper.cfbundle; includeInIndex = 0; path = TheadDartsTests.xctest; sourceTree = BUILT_PRODUCTS_DIR; };
		C7983E3822CACC1200ACC903 /* Info.plist */ = {isa = PBXFileReference; lastKnownFileType = text.plist.xml; path = Info.plist; sourceTree = "<group>"; };
		C7983E3D22CACC1200ACC903 /* TheadDartsUITests.xctest */ = {isa = PBXFileReference; explicitFileType = wrapper.cfbundle; includeInIndex = 0; path = TheadDartsUITests.xctest; sourceTree = BUILT_PRODUCTS_DIR; };
		C7983E4122CACC1200ACC903 /* TheadDartsUITests.swift */ = {isa = PBXFileReference; lastKnownFileType = sourcecode.swift; path = TheadDartsUITests.swift; sourceTree = "<group>"; };
		C7983E4322CACC1200ACC903 /* Info.plist */ = {isa = PBXFileReference; lastKnownFileType = text.plist.xml; path = Info.plist; sourceTree = "<group>"; };
		C7983E5322CACC7000ACC903 /* Wedge.swift */ = {isa = PBXFileReference; lastKnownFileType = sourcecode.swift; path = Wedge.swift; sourceTree = "<group>"; };
		C7983E5622CACC8300ACC903 /* Multiplier.swift */ = {isa = PBXFileReference; lastKnownFileType = sourcecode.swift; path = Multiplier.swift; sourceTree = "<group>"; };
		C7983E5922CACC9900ACC903 /* CricketGame.swift */ = {isa = PBXFileReference; lastKnownFileType = sourcecode.swift; path = CricketGame.swift; sourceTree = "<group>"; };
		C7983E5F22CACCBF00ACC903 /* CricketScore.swift */ = {isa = PBXFileReference; lastKnownFileType = sourcecode.swift; path = CricketScore.swift; sourceTree = "<group>"; };
		C7983E6222CACCD300ACC903 /* CricketScoreKeeper.swift */ = {isa = PBXFileReference; lastKnownFileType = sourcecode.swift; path = CricketScoreKeeper.swift; sourceTree = "<group>"; };
		C7983E6522CACCE800ACC903 /* DartGame.swift */ = {isa = PBXFileReference; lastKnownFileType = sourcecode.swift; path = DartGame.swift; sourceTree = "<group>"; };
		C7983E6822CACCFA00ACC903 /* DartPlayer.swift */ = {isa = PBXFileReference; lastKnownFileType = sourcecode.swift; path = DartPlayer.swift; sourceTree = "<group>"; };
		C7983E6B22CACD0D00ACC903 /* DartScore.swift */ = {isa = PBXFileReference; lastKnownFileType = sourcecode.swift; path = DartScore.swift; sourceTree = "<group>"; };
		C7983E6E22CACD1F00ACC903 /* DartScoreKeeper.swift */ = {isa = PBXFileReference; lastKnownFileType = sourcecode.swift; path = DartScoreKeeper.swift; sourceTree = "<group>"; };
		C7983E7222CACD4800ACC903 /* CricketGameTests.swift */ = {isa = PBXFileReference; lastKnownFileType = sourcecode.swift; path = CricketGameTests.swift; sourceTree = "<group>"; };
		C7983E7622CACD7800ACC903 /* CricketScoreTests.swift */ = {isa = PBXFileReference; lastKnownFileType = sourcecode.swift; path = CricketScoreTests.swift; sourceTree = "<group>"; };
		C79CFA7A239D8CB8001EB8A8 /* PlayerUnitView.swift */ = {isa = PBXFileReference; lastKnownFileType = sourcecode.swift; path = PlayerUnitView.swift; sourceTree = "<group>"; };
		C79CFA7D239F3034001EB8A8 /* CardView.swift */ = {isa = PBXFileReference; lastKnownFileType = sourcecode.swift; path = CardView.swift; sourceTree = "<group>"; };
		C79CFA80239F3512001EB8A8 /* GameType.swift */ = {isa = PBXFileReference; lastKnownFileType = sourcecode.swift; path = GameType.swift; sourceTree = "<group>"; };
		C79CFA83239F357D001EB8A8 /* SettingsCardView.swift */ = {isa = PBXFileReference; lastKnownFileType = sourcecode.swift; path = SettingsCardView.swift; sourceTree = "<group>"; };
		C79CFA86239F3F81001EB8A8 /* BoolExtensions.swift */ = {isa = PBXFileReference; lastKnownFileType = sourcecode.swift; path = BoolExtensions.swift; sourceTree = "<group>"; };
		C7AABF9E238069D4001DA6F7 /* PlayerUnitViewModel.swift */ = {isa = PBXFileReference; lastKnownFileType = sourcecode.swift; path = PlayerUnitViewModel.swift; sourceTree = "<group>"; };
		C7AABFA223806F5D001DA6F7 /* X01GameViewModel.swift */ = {isa = PBXFileReference; lastKnownFileType = sourcecode.swift; path = X01GameViewModel.swift; sourceTree = "<group>"; };
		C7AABFA62381A0FB001DA6F7 /* CricketGameViewModel.swift */ = {isa = PBXFileReference; lastKnownFileType = sourcecode.swift; path = CricketGameViewModel.swift; sourceTree = "<group>"; };
		C7AABFA92381A754001DA6F7 /* CricketScoreViewModel.swift */ = {isa = PBXFileReference; lastKnownFileType = sourcecode.swift; path = CricketScoreViewModel.swift; sourceTree = "<group>"; };
		C7AC884024B2553500691118 /* TheadDartsView.swift */ = {isa = PBXFileReference; lastKnownFileType = sourcecode.swift; path = TheadDartsView.swift; sourceTree = "<group>"; };
		C7B78DB7237B166700F71E01 /* NewGameModal.swift */ = {isa = PBXFileReference; lastKnownFileType = sourcecode.swift; path = NewGameModal.swift; sourceTree = "<group>"; };
		C7B78DBA237B1B9F00F71E01 /* WinnerModal.swift */ = {isa = PBXFileReference; lastKnownFileType = sourcecode.swift; path = WinnerModal.swift; sourceTree = "<group>"; };
		C7C52524232EDC62009AF03B /* X01Score.swift */ = {isa = PBXFileReference; lastKnownFileType = sourcecode.swift; path = X01Score.swift; sourceTree = "<group>"; };
		C7C5252C232EE3C8009AF03B /* X01ScoreTests.swift */ = {isa = PBXFileReference; lastKnownFileType = sourcecode.swift; path = X01ScoreTests.swift; sourceTree = "<group>"; };
		C7CC2A0F24E6FFAB00F317A5 /* ViewUtilities.swift */ = {isa = PBXFileReference; lastKnownFileType = sourcecode.swift; path = ViewUtilities.swift; sourceTree = "<group>"; };
		C7D61D0B232D2A770098D339 /* CricketMarkView.swift */ = {isa = PBXFileReference; fileEncoding = 4; lastKnownFileType = sourcecode.swift; path = CricketMarkView.swift; sourceTree = "<group>"; };
		C7E3C598236BB86A0098A122 /* Marks.swift */ = {isa = PBXFileReference; lastKnownFileType = sourcecode.swift; path = Marks.swift; sourceTree = "<group>"; };
		C7E3C59B236C99620098A122 /* ButtonStyles.swift */ = {isa = PBXFileReference; lastKnownFileType = sourcecode.swift; path = ButtonStyles.swift; sourceTree = "<group>"; };
		C7E3C59E236E02A20098A122 /* TextStyles.swift */ = {isa = PBXFileReference; lastKnownFileType = sourcecode.swift; path = TextStyles.swift; sourceTree = "<group>"; };
		C7F46D17233F9B2800C3C3F7 /* X01Game.swift */ = {isa = PBXFileReference; lastKnownFileType = sourcecode.swift; path = X01Game.swift; sourceTree = "<group>"; };
		C7F46D1A233F9BAE00C3C3F7 /* X01ScoreKeeper.swift */ = {isa = PBXFileReference; lastKnownFileType = sourcecode.swift; path = X01ScoreKeeper.swift; sourceTree = "<group>"; };
		C7F46D1D233FA38A00C3C3F7 /* X01GameTests.swift */ = {isa = PBXFileReference; lastKnownFileType = sourcecode.swift; path = X01GameTests.swift; sourceTree = "<group>"; };
		C7F46D2023402BCE00C3C3F7 /* X01GameView.swift */ = {isa = PBXFileReference; lastKnownFileType = sourcecode.swift; path = X01GameView.swift; sourceTree = "<group>"; };
		C7F46D262340CB4800C3C3F7 /* X01HitView.swift */ = {isa = PBXFileReference; lastKnownFileType = sourcecode.swift; path = X01HitView.swift; sourceTree = "<group>"; };
		C7F46D282340FDBB00C3C3F7 /* UserSettings.swift */ = {isa = PBXFileReference; lastKnownFileType = sourcecode.swift; path = UserSettings.swift; sourceTree = "<group>"; };
/* End PBXFileReference section */

/* Begin PBXFrameworksBuildPhase section */
		C7983E1922CACC0E00ACC903 /* Frameworks */ = {
			isa = PBXFrameworksBuildPhase;
			buildActionMask = 2147483647;
			files = (
			);
			runOnlyForDeploymentPostprocessing = 0;
		};
		C7983E2F22CACC1200ACC903 /* Frameworks */ = {
			isa = PBXFrameworksBuildPhase;
			buildActionMask = 2147483647;
			files = (
			);
			runOnlyForDeploymentPostprocessing = 0;
		};
		C7983E3A22CACC1200ACC903 /* Frameworks */ = {
			isa = PBXFrameworksBuildPhase;
			buildActionMask = 2147483647;
			files = (
			);
			runOnlyForDeploymentPostprocessing = 0;
		};
/* End PBXFrameworksBuildPhase section */

/* Begin PBXGroup section */
		C7062B1122F449B0006CE930 /* Utility */ = {
			isa = PBXGroup;
			children = (
				C7567EDD2437AA030091C0EA /* Stack.swift */,
				C7F46D282340FDBB00C3C3F7 /* UserSettings.swift */,
				C79CFA86239F3F81001EB8A8 /* BoolExtensions.swift */,
			);
			path = Utility;
			sourceTree = "<group>";
		};
		C7185E92248711AA003E4D6A /* Composable */ = {
			isa = PBXGroup;
			children = (
			);
			path = Composable;
			sourceTree = "<group>";
		};
		C71E265222CB96A5005D91E1 /* View */ = {
			isa = PBXGroup;
			children = (
				C7AC884024B2553500691118 /* TheadDartsView.swift */,
				C7185E92248711AA003E4D6A /* Composable */,
				C78C712324007ACA0077C465 /* Utility */,
				C79CFA79239D8C8E001EB8A8 /* Blocks */,
				C7B78DB6237B159800F71E01 /* Modals */,
				C7F46D1F23402B2200C3C3F7 /* X01 Views */,
				C77EF0A2232D4C1B004B4045 /* Menu */,
				C732757022F03D2A003DDC77 /* Styles */,
				C71E265322CB9755005D91E1 /* Cricket Views */,
				C793D2DC25AA4DA900DB34E1 /* Launch Screen.storyboard */,
			);
			path = View;
			sourceTree = "<group>";
		};
		C71E265322CB9755005D91E1 /* Cricket Views */ = {
			isa = PBXGroup;
			children = (
				C7983E2322CACC0E00ACC903 /* CricketGameView.swift */,
				C7D61D0B232D2A770098D339 /* CricketMarkView.swift */,
				C70E310122CBB09200269AEE /* CricketHitView.swift */,
				C708131F22D1236B00B22BFF /* CricketHitLabelView.swift */,
			);
			path = "Cricket Views";
			sourceTree = "<group>";
		};
		C732757022F03D2A003DDC77 /* Styles */ = {
			isa = PBXGroup;
			children = (
				C72B638223007EDD008B0189 /* ViewStyle.swift */,
				C70E1EE52352495300706F81 /* ColorSelector.swift */,
				C7E3C59B236C99620098A122 /* ButtonStyles.swift */,
				C7E3C59E236E02A20098A122 /* TextStyles.swift */,
				C70EA04F236F579F00EEEF39 /* Transitions.swift */,
			);
			path = Styles;
			sourceTree = "<group>";
		};
		C7594097237F0D9800B34847 /* View Model */ = {
			isa = PBXGroup;
			children = (
				C7AABFA52381A0E2001DA6F7 /* Cricket */,
				C7AABFA123806F39001DA6F7 /* X01 */,
				C7AABF9E238069D4001DA6F7 /* PlayerUnitViewModel.swift */,
			);
			path = "View Model";
			sourceTree = "<group>";
		};
		C75C5F3D230328680019C8B7 /* Common */ = {
			isa = PBXGroup;
			children = (
				C75C5F3E2303287D0019C8B7 /* DartThrow.swift */,
				C75C5F4123032DC60019C8B7 /* TurnChange.swift */,
				C78EDD24230D9DC500700A55 /* DartTurn.swift */,
				C78EDD27230F044E00700A55 /* DartThrowOnTurn.swift */,
				C7E3C598236BB86A0098A122 /* Marks.swift */,
			);
			path = Common;
			sourceTree = "<group>";
		};
		C77EF0A2232D4C1B004B4045 /* Menu */ = {
			isa = PBXGroup;
			children = (
				C77EF0A3232D4C57004B4045 /* HomeView.swift */,
				C70E1EEB23525CF000706F81 /* X01CardView.swift */,
				C70E1EF1235B8B3B00706F81 /* CricketCardView.swift */,
				C79CFA83239F357D001EB8A8 /* SettingsCardView.swift */,
			);
			path = Menu;
			sourceTree = "<group>";
		};
		C78C712324007ACA0077C465 /* Utility */ = {
			isa = PBXGroup;
			children = (
				C78C712424007AFF0077C465 /* KeyboardResponder.swift */,
				C7CC2A0F24E6FFAB00F317A5 /* ViewUtilities.swift */,
			);
			path = Utility;
			sourceTree = "<group>";
		};
		C7983E1322CACC0E00ACC903 = {
			isa = PBXGroup;
			children = (
				C7983E1E22CACC0E00ACC903 /* TheadDarts */,
				C7983E3522CACC1200ACC903 /* TheadDartsTests */,
				C7983E4022CACC1200ACC903 /* TheadDartsUITests */,
				C7983E1D22CACC0E00ACC903 /* Products */,
			);
			sourceTree = "<group>";
		};
		C7983E1D22CACC0E00ACC903 /* Products */ = {
			isa = PBXGroup;
			children = (
				C7983E1C22CACC0E00ACC903 /* Darts.app */,
				C7983E3222CACC1200ACC903 /* TheadDartsTests.xctest */,
				C7983E3D22CACC1200ACC903 /* TheadDartsUITests.xctest */,
			);
			name = Products;
			sourceTree = "<group>";
		};
		C7983E1E22CACC0E00ACC903 /* TheadDarts */ = {
			isa = PBXGroup;
			children = (
				C7594097237F0D9800B34847 /* View Model */,
				C71E265222CB96A5005D91E1 /* View */,
				C7983E4F22CACC2B00ACC903 /* Model */,
				C7983E2522CACC1200ACC903 /* Assets.xcassets */,
				C7983E2D22CACC1200ACC903 /* Info.plist */,
				C7983E2722CACC1200ACC903 /* Preview Content */,
			);
			path = TheadDarts;
			sourceTree = "<group>";
		};
		C7983E2722CACC1200ACC903 /* Preview Content */ = {
			isa = PBXGroup;
			children = (
				C7983E2822CACC1200ACC903 /* Preview Assets.xcassets */,
			);
			path = "Preview Content";
			sourceTree = "<group>";
		};
		C7983E3522CACC1200ACC903 /* TheadDartsTests */ = {
			isa = PBXGroup;
			children = (
				C75DDF75237F1423004196D8 /* DartPlayerTests.swift */,
				C7C52527232EE191009AF03B /* X01Tests */,
				C7983E7122CACD3000ACC903 /* CricketTests */,
				C7983E3822CACC1200ACC903 /* Info.plist */,
			);
			path = TheadDartsTests;
			sourceTree = "<group>";
		};
		C7983E4022CACC1200ACC903 /* TheadDartsUITests */ = {
			isa = PBXGroup;
			children = (
				C7983E4122CACC1200ACC903 /* TheadDartsUITests.swift */,
				C7983E4322CACC1200ACC903 /* Info.plist */,
			);
			path = TheadDartsUITests;
			sourceTree = "<group>";
		};
		C7983E4F22CACC2B00ACC903 /* Model */ = {
			isa = PBXGroup;
			children = (
				C7983E6822CACCFA00ACC903 /* DartPlayer.swift */,
				C75C5F3723022FF80019C8B7 /* DartPlayerUnit.swift */,
				C7983E5122CACC3D00ACC903 /* Cricket */,
				C7C5251D232EDB3C009AF03B /* X01 */,
				C7062B1122F449B0006CE930 /* Utility */,
				C75C5F3D230328680019C8B7 /* Common */,
				C7983E5022CACC3700ACC903 /* Enum */,
				C7983E5222CACC4200ACC903 /* Protocol */,
			);
			path = Model;
			sourceTree = "<group>";
		};
		C7983E5022CACC3700ACC903 /* Enum */ = {
			isa = PBXGroup;
			children = (
				C7983E5322CACC7000ACC903 /* Wedge.swift */,
				C7983E5622CACC8300ACC903 /* Multiplier.swift */,
				C79CFA80239F3512001EB8A8 /* GameType.swift */,
			);
			path = Enum;
			sourceTree = "<group>";
		};
		C7983E5122CACC3D00ACC903 /* Cricket */ = {
			isa = PBXGroup;
			children = (
				C7983E5922CACC9900ACC903 /* CricketGame.swift */,
				C7983E5F22CACCBF00ACC903 /* CricketScore.swift */,
				C7983E6222CACCD300ACC903 /* CricketScoreKeeper.swift */,
			);
			path = Cricket;
			sourceTree = "<group>";
		};
		C7983E5222CACC4200ACC903 /* Protocol */ = {
			isa = PBXGroup;
			children = (
				C7983E6522CACCE800ACC903 /* DartGame.swift */,
				C7983E6B22CACD0D00ACC903 /* DartScore.swift */,
				C7983E6E22CACD1F00ACC903 /* DartScoreKeeper.swift */,
				C75C5F3A2303281F0019C8B7 /* DartAction.swift */,
			);
			path = Protocol;
			sourceTree = "<group>";
		};
		C7983E7122CACD3000ACC903 /* CricketTests */ = {
			isa = PBXGroup;
			children = (
				C7983E7222CACD4800ACC903 /* CricketGameTests.swift */,
				C7983E7622CACD7800ACC903 /* CricketScoreTests.swift */,
			);
			path = CricketTests;
			sourceTree = "<group>";
		};
		C79CFA79239D8C8E001EB8A8 /* Blocks */ = {
			isa = PBXGroup;
			children = (
				C79CFA7A239D8CB8001EB8A8 /* PlayerUnitView.swift */,
				C79CFA7D239F3034001EB8A8 /* CardView.swift */,
			);
			path = Blocks;
			sourceTree = "<group>";
		};
		C7AABFA123806F39001DA6F7 /* X01 */ = {
			isa = PBXGroup;
			children = (
				C7AABFA223806F5D001DA6F7 /* X01GameViewModel.swift */,
			);
			path = X01;
			sourceTree = "<group>";
		};
		C7AABFA52381A0E2001DA6F7 /* Cricket */ = {
			isa = PBXGroup;
			children = (
				C7AABFA62381A0FB001DA6F7 /* CricketGameViewModel.swift */,
				C7AABFA92381A754001DA6F7 /* CricketScoreViewModel.swift */,
			);
			path = Cricket;
			sourceTree = "<group>";
		};
		C7B78DB6237B159800F71E01 /* Modals */ = {
			isa = PBXGroup;
			children = (
				C7B78DB7237B166700F71E01 /* NewGameModal.swift */,
				C7B78DBA237B1B9F00F71E01 /* WinnerModal.swift */,
				C78C7121240068290077C465 /* EditPlayerNameModal.swift */,
			);
			path = Modals;
			sourceTree = "<group>";
		};
		C7C5251D232EDB3C009AF03B /* X01 */ = {
			isa = PBXGroup;
			children = (
				C7F46D17233F9B2800C3C3F7 /* X01Game.swift */,
				C7C52524232EDC62009AF03B /* X01Score.swift */,
				C7F46D1A233F9BAE00C3C3F7 /* X01ScoreKeeper.swift */,
			);
			path = X01;
			sourceTree = "<group>";
		};
		C7C52527232EE191009AF03B /* X01Tests */ = {
			isa = PBXGroup;
			children = (
				C7C5252C232EE3C8009AF03B /* X01ScoreTests.swift */,
				C7F46D1D233FA38A00C3C3F7 /* X01GameTests.swift */,
			);
			path = X01Tests;
			sourceTree = "<group>";
		};
		C7F46D1F23402B2200C3C3F7 /* X01 Views */ = {
			isa = PBXGroup;
			children = (
				C7F46D2023402BCE00C3C3F7 /* X01GameView.swift */,
				C7F46D262340CB4800C3C3F7 /* X01HitView.swift */,
			);
			path = "X01 Views";
			sourceTree = "<group>";
		};
/* End PBXGroup section */

/* Begin PBXNativeTarget section */
		C7983E1B22CACC0E00ACC903 /* TheadDarts */ = {
			isa = PBXNativeTarget;
			buildConfigurationList = C7983E4622CACC1200ACC903 /* Build configuration list for PBXNativeTarget "TheadDarts" */;
			buildPhases = (
				C7983E1822CACC0E00ACC903 /* Sources */,
				C7983E1922CACC0E00ACC903 /* Frameworks */,
				C7983E1A22CACC0E00ACC903 /* Resources */,
			);
			buildRules = (
			);
			dependencies = (
			);
			name = TheadDarts;
			productName = TheadDarts;
			productReference = C7983E1C22CACC0E00ACC903 /* Darts.app */;
			productType = "com.apple.product-type.application";
		};
		C7983E3122CACC1200ACC903 /* TheadDartsTests */ = {
			isa = PBXNativeTarget;
			buildConfigurationList = C7983E4922CACC1200ACC903 /* Build configuration list for PBXNativeTarget "TheadDartsTests" */;
			buildPhases = (
				C7983E2E22CACC1200ACC903 /* Sources */,
				C7983E2F22CACC1200ACC903 /* Frameworks */,
				C7983E3022CACC1200ACC903 /* Resources */,
			);
			buildRules = (
			);
			dependencies = (
				C7983E3422CACC1200ACC903 /* PBXTargetDependency */,
			);
			name = TheadDartsTests;
			productName = TheadDartsTests;
			productReference = C7983E3222CACC1200ACC903 /* TheadDartsTests.xctest */;
			productType = "com.apple.product-type.bundle.unit-test";
		};
		C7983E3C22CACC1200ACC903 /* TheadDartsUITests */ = {
			isa = PBXNativeTarget;
			buildConfigurationList = C7983E4C22CACC1200ACC903 /* Build configuration list for PBXNativeTarget "TheadDartsUITests" */;
			buildPhases = (
				C7983E3922CACC1200ACC903 /* Sources */,
				C7983E3A22CACC1200ACC903 /* Frameworks */,
				C7983E3B22CACC1200ACC903 /* Resources */,
			);
			buildRules = (
			);
			dependencies = (
				C7983E3F22CACC1200ACC903 /* PBXTargetDependency */,
			);
			name = TheadDartsUITests;
			productName = TheadDartsUITests;
			productReference = C7983E3D22CACC1200ACC903 /* TheadDartsUITests.xctest */;
			productType = "com.apple.product-type.bundle.ui-testing";
		};
/* End PBXNativeTarget section */

/* Begin PBXProject section */
		C7983E1422CACC0E00ACC903 /* Project object */ = {
			isa = PBXProject;
			attributes = {
				LastSwiftUpdateCheck = 1100;
				LastUpgradeCheck = 1200;
				ORGANIZATIONNAME = Thead;
				TargetAttributes = {
					C7983E1B22CACC0E00ACC903 = {
						CreatedOnToolsVersion = 11.0;
					};
					C7983E3122CACC1200ACC903 = {
						CreatedOnToolsVersion = 11.0;
						TestTargetID = C7983E1B22CACC0E00ACC903;
					};
					C7983E3C22CACC1200ACC903 = {
						CreatedOnToolsVersion = 11.0;
						TestTargetID = C7983E1B22CACC0E00ACC903;
					};
				};
			};
			buildConfigurationList = C7983E1722CACC0E00ACC903 /* Build configuration list for PBXProject "TheadDarts" */;
			compatibilityVersion = "Xcode 9.3";
			developmentRegion = en;
			hasScannedForEncodings = 0;
			knownRegions = (
				en,
				Base,
			);
			mainGroup = C7983E1322CACC0E00ACC903;
			productRefGroup = C7983E1D22CACC0E00ACC903 /* Products */;
			projectDirPath = "";
			projectRoot = "";
			targets = (
				C7983E1B22CACC0E00ACC903 /* TheadDarts */,
				C7983E3122CACC1200ACC903 /* TheadDartsTests */,
				C7983E3C22CACC1200ACC903 /* TheadDartsUITests */,
			);
		};
/* End PBXProject section */

/* Begin PBXResourcesBuildPhase section */
		C7983E1A22CACC0E00ACC903 /* Resources */ = {
			isa = PBXResourcesBuildPhase;
			buildActionMask = 2147483647;
			files = (
				C793D2DD25AA4DA900DB34E1 /* Launch Screen.storyboard in Resources */,
				C7983E2922CACC1200ACC903 /* Preview Assets.xcassets in Resources */,
				C7983E2622CACC1200ACC903 /* Assets.xcassets in Resources */,
			);
			runOnlyForDeploymentPostprocessing = 0;
		};
		C7983E3022CACC1200ACC903 /* Resources */ = {
			isa = PBXResourcesBuildPhase;
			buildActionMask = 2147483647;
			files = (
			);
			runOnlyForDeploymentPostprocessing = 0;
		};
		C7983E3B22CACC1200ACC903 /* Resources */ = {
			isa = PBXResourcesBuildPhase;
			buildActionMask = 2147483647;
			files = (
			);
			runOnlyForDeploymentPostprocessing = 0;
		};
/* End PBXResourcesBuildPhase section */

/* Begin PBXSourcesBuildPhase section */
		C7983E1822CACC0E00ACC903 /* Sources */ = {
			isa = PBXSourcesBuildPhase;
			buildActionMask = 2147483647;
			files = (
				C7567EDE2437AA030091C0EA /* Stack.swift in Sources */,
				C7F46D1B233F9BAE00C3C3F7 /* X01ScoreKeeper.swift in Sources */,
				C7C52525232EDC62009AF03B /* X01Score.swift in Sources */,
				C7F46D2123402BCE00C3C3F7 /* X01GameView.swift in Sources */,
				C7F46D18233F9B2900C3C3F7 /* X01Game.swift in Sources */,
				C75C5F3B2303281F0019C8B7 /* DartAction.swift in Sources */,
				C7AABFA323806F5D001DA6F7 /* X01GameViewModel.swift in Sources */,
				C78EDD28230F044F00700A55 /* DartThrowOnTurn.swift in Sources */,
				C78C7122240068290077C465 /* EditPlayerNameModal.swift in Sources */,
				C7983E6622CACCE800ACC903 /* DartGame.swift in Sources */,
				C7D61D0C232D2A770098D339 /* CricketMarkView.swift in Sources */,
				C75C5F3823022FF80019C8B7 /* DartPlayerUnit.swift in Sources */,
				C7983E6922CACCFA00ACC903 /* DartPlayer.swift in Sources */,
				C7F46D272340CB4800C3C3F7 /* X01HitView.swift in Sources */,
				C7AC884124B2553500691118 /* TheadDartsView.swift in Sources */,
				C7983E6F22CACD1F00ACC903 /* DartScoreKeeper.swift in Sources */,
				C7983E5A22CACC9900ACC903 /* CricketGame.swift in Sources */,
				C70E310222CBB09200269AEE /* CricketHitView.swift in Sources */,
				C75C5F3F2303287D0019C8B7 /* DartThrow.swift in Sources */,
				C7F46D292340FDBB00C3C3F7 /* UserSettings.swift in Sources */,
				C70E1EE62352495300706F81 /* ColorSelector.swift in Sources */,
				C79CFA7E239F3034001EB8A8 /* CardView.swift in Sources */,
				C7B78DB8237B166700F71E01 /* NewGameModal.swift in Sources */,
				C708132022D1236B00B22BFF /* CricketHitLabelView.swift in Sources */,
				C79CFA7B239D8CB8001EB8A8 /* PlayerUnitView.swift in Sources */,
				C70EA050236F579F00EEEF39 /* Transitions.swift in Sources */,
				C7B78DBB237B1B9F00F71E01 /* WinnerModal.swift in Sources */,
				C7E3C59F236E02A20098A122 /* TextStyles.swift in Sources */,
				C79CFA87239F3F81001EB8A8 /* BoolExtensions.swift in Sources */,
				C7AABFAA2381A754001DA6F7 /* CricketScoreViewModel.swift in Sources */,
				C7AABF9F238069D4001DA6F7 /* PlayerUnitViewModel.swift in Sources */,
				C7E3C59C236C99620098A122 /* ButtonStyles.swift in Sources */,
				C78EDD25230D9DC500700A55 /* DartTurn.swift in Sources */,
				C7983E6322CACCD300ACC903 /* CricketScoreKeeper.swift in Sources */,
				C7983E5722CACC8300ACC903 /* Multiplier.swift in Sources */,
				C70E1EEC23525CF000706F81 /* X01CardView.swift in Sources */,
				C7983E5422CACC7000ACC903 /* Wedge.swift in Sources */,
				C7983E6C22CACD0D00ACC903 /* DartScore.swift in Sources */,
				C79CFA84239F357D001EB8A8 /* SettingsCardView.swift in Sources */,
				C77EF0A4232D4C57004B4045 /* HomeView.swift in Sources */,
				C7E3C599236BB86A0098A122 /* Marks.swift in Sources */,
				C7CC2A1024E6FFAB00F317A5 /* ViewUtilities.swift in Sources */,
				C75C5F4223032DC60019C8B7 /* TurnChange.swift in Sources */,
				C78C712524007AFF0077C465 /* KeyboardResponder.swift in Sources */,
				C7983E6022CACCBF00ACC903 /* CricketScore.swift in Sources */,
				C7AABFA72381A0FB001DA6F7 /* CricketGameViewModel.swift in Sources */,
				C72B638323007EDD008B0189 /* ViewStyle.swift in Sources */,
				C70E1EF2235B8B3C00706F81 /* CricketCardView.swift in Sources */,
				C7983E2422CACC0E00ACC903 /* CricketGameView.swift in Sources */,
				C79CFA81239F3512001EB8A8 /* GameType.swift in Sources */,
			);
			runOnlyForDeploymentPostprocessing = 0;
		};
		C7983E2E22CACC1200ACC903 /* Sources */ = {
			isa = PBXSourcesBuildPhase;
			buildActionMask = 2147483647;
			files = (
				C7983E5522CACC7000ACC903 /* Wedge.swift in Sources */,
				C7F46D1E233FA38A00C3C3F7 /* X01GameTests.swift in Sources */,
				C7DB791424E37E370007C0A8 /* SettingsCardView.swift in Sources */,
				C75C5F3923022FF80019C8B7 /* DartPlayerUnit.swift in Sources */,
				C7DB791124E37DDC0007C0A8 /* HomeView.swift in Sources */,
				C7DB791E24E37E560007C0A8 /* EditPlayerNameModal.swift in Sources */,
				C79CFA88239F3F81001EB8A8 /* BoolExtensions.swift in Sources */,
				C75C5F3C2303281F0019C8B7 /* DartAction.swift in Sources */,
				C7DB791D24E37E510007C0A8 /* NewGameModal.swift in Sources */,
				C75C5F402303287D0019C8B7 /* DartThrow.swift in Sources */,
				C7DB792624E37E650007C0A8 /* X01CardView.swift in Sources */,
				C7AC884224B2553500691118 /* TheadDartsView.swift in Sources */,
				C7F46D19233F9B2900C3C3F7 /* X01Game.swift in Sources */,
				C7DB792D24E37E6E0007C0A8 /* ButtonStyles.swift in Sources */,
				C7983E7022CACD1F00ACC903 /* DartScoreKeeper.swift in Sources */,
				C7C5252D232EE3C8009AF03B /* X01ScoreTests.swift in Sources */,
				C7DB795224E37EBA0007C0A8 /* CricketGameViewModel.swift in Sources */,
				C7983E6D22CACD0D00ACC903 /* DartScore.swift in Sources */,
				C7DB795524E37EBE0007C0A8 /* X01GameViewModel.swift in Sources */,
				C78EDD29230F044F00700A55 /* DartThrowOnTurn.swift in Sources */,
				C7F46D1C233F9BAE00C3C3F7 /* X01ScoreKeeper.swift in Sources */,
				C7DB792A24E37E6E0007C0A8 /* ViewStyle.swift in Sources */,
				C7983E7322CACD4800ACC903 /* CricketGameTests.swift in Sources */,
				C7DB793624E37E760007C0A8 /* CricketMarkView.swift in Sources */,
				C7DB791F24E37E560007C0A8 /* WinnerModal.swift in Sources */,
				C7DB792E24E37E6E0007C0A8 /* Transitions.swift in Sources */,
				C7983E5822CACC8300ACC903 /* Multiplier.swift in Sources */,
				C7DB792B24E37E6E0007C0A8 /* TextStyles.swift in Sources */,
				C7983E6122CACCBF00ACC903 /* CricketScore.swift in Sources */,
				C7DB793524E37E760007C0A8 /* CricketGameView.swift in Sources */,
				C7DB791824E37E470007C0A8 /* PlayerUnitView.swift in Sources */,
				C7AC884424B25A7100691118 /* Stack.swift in Sources */,
				C75DDF76237F1423004196D8 /* DartPlayerTests.swift in Sources */,
				C7DB792324E37E5C0007C0A8 /* X01HitView.swift in Sources */,
				C79CFA82239F3512001EB8A8 /* GameType.swift in Sources */,
				C7DB793724E37E760007C0A8 /* CricketHitLabelView.swift in Sources */,
				C7DB791624E37E440007C0A8 /* KeyboardResponder.swift in Sources */,
				C7F46D2A2340FDBB00C3C3F7 /* UserSettings.swift in Sources */,
				C7983E6422CACCD300ACC903 /* CricketScoreKeeper.swift in Sources */,
				C7983E7722CACD7800ACC903 /* CricketScoreTests.swift in Sources */,
				C7DB792724E37E650007C0A8 /* CricketCardView.swift in Sources */,
				C7983E6A22CACCFA00ACC903 /* DartPlayer.swift in Sources */,
				C7C52526232EDC62009AF03B /* X01Score.swift in Sources */,
				C7983E6722CACCE800ACC903 /* DartGame.swift in Sources */,
				C75C5F4323032DC60019C8B7 /* TurnChange.swift in Sources */,
				C78EDD26230D9DC500700A55 /* DartTurn.swift in Sources */,
				C7DB792224E37E5C0007C0A8 /* X01GameView.swift in Sources */,
				C7DB793424E37E760007C0A8 /* CricketHitView.swift in Sources */,
				C7983E5B22CACC9900ACC903 /* CricketGame.swift in Sources */,
				C7DB795624E37EBE0007C0A8 /* PlayerUnitViewModel.swift in Sources */,
				C7DB795124E37EBA0007C0A8 /* CricketScoreViewModel.swift in Sources */,
				C7CC2A1124E6FFAB00F317A5 /* ViewUtilities.swift in Sources */,
				C7DB791A24E37E4B0007C0A8 /* CardView.swift in Sources */,
				C7DB792C24E37E6E0007C0A8 /* ColorSelector.swift in Sources */,
				C7E3C59A236BB86A0098A122 /* Marks.swift in Sources */,
			);
			runOnlyForDeploymentPostprocessing = 0;
		};
		C7983E3922CACC1200ACC903 /* Sources */ = {
			isa = PBXSourcesBuildPhase;
			buildActionMask = 2147483647;
			files = (
				C7DB795724E37EBF0007C0A8 /* X01GameViewModel.swift in Sources */,
				C7DB791024E37DD60007C0A8 /* HomeView.swift in Sources */,
				C7DB794924E37E970007C0A8 /* DartThrowOnTurn.swift in Sources */,
				C7DB794324E37E8B0007C0A8 /* X01ScoreKeeper.swift in Sources */,
				C7DB791B24E37E4B0007C0A8 /* CardView.swift in Sources */,
				C7DB791C24E37E4F0007C0A8 /* NewGameModal.swift in Sources */,
				C7DB791224E37E170007C0A8 /* UserSettings.swift in Sources */,
				C7DB794824E37E970007C0A8 /* DartTurn.swift in Sources */,
				C7DB793D24E37E7E0007C0A8 /* DartPlayerUnit.swift in Sources */,
				C7DB791724E37E440007C0A8 /* KeyboardResponder.swift in Sources */,
				C7DB792824E37E660007C0A8 /* X01CardView.swift in Sources */,
				C7DB792024E37E560007C0A8 /* EditPlayerNameModal.swift in Sources */,
				C7DB793C24E37E7B0007C0A8 /* DartPlayer.swift in Sources */,
				C7DB794D24E37EA10007C0A8 /* DartGame.swift in Sources */,
				C7DB793924E37E770007C0A8 /* CricketGameView.swift in Sources */,
				C7DB793B24E37E770007C0A8 /* CricketHitLabelView.swift in Sources */,
				C7DB794524E37E900007C0A8 /* BoolExtensions.swift in Sources */,
				C7DB795424E37EBB0007C0A8 /* CricketGameViewModel.swift in Sources */,
				C7AC884324B2553500691118 /* TheadDartsView.swift in Sources */,
				C7DB794124E37E8B0007C0A8 /* X01Score.swift in Sources */,
				C7DB793E24E37E840007C0A8 /* CricketScoreKeeper.swift in Sources */,
				C7DB793124E37E6F0007C0A8 /* ColorSelector.swift in Sources */,
				C7DB791324E37E280007C0A8 /* GameType.swift in Sources */,
				C7CC2A1224E6FFAB00F317A5 /* ViewUtilities.swift in Sources */,
				C7DB794F24E37EA10007C0A8 /* DartScore.swift in Sources */,
				C7DB793A24E37E770007C0A8 /* CricketMarkView.swift in Sources */,
				C7DB792124E37E560007C0A8 /* WinnerModal.swift in Sources */,
				C7DB794E24E37EA10007C0A8 /* DartScoreKeeper.swift in Sources */,
				C7DB792924E37E660007C0A8 /* CricketCardView.swift in Sources */,
				C7DB794424E37E900007C0A8 /* Stack.swift in Sources */,
				C7DB793824E37E770007C0A8 /* CricketHitView.swift in Sources */,
				C7983E4222CACC1200ACC903 /* TheadDartsUITests.swift in Sources */,
				C7DB793224E37E6F0007C0A8 /* ButtonStyles.swift in Sources */,
				C7DB793024E37E6F0007C0A8 /* TextStyles.swift in Sources */,
				C7DB794C24E37E9B0007C0A8 /* Multiplier.swift in Sources */,
				C7DB794A24E37E970007C0A8 /* Marks.swift in Sources */,
				C7DB795824E37EBF0007C0A8 /* PlayerUnitViewModel.swift in Sources */,
				C7DB795324E37EBB0007C0A8 /* CricketScoreViewModel.swift in Sources */,
				C7DB792524E37E5C0007C0A8 /* X01HitView.swift in Sources */,
				C7DB794B24E37E9B0007C0A8 /* Wedge.swift in Sources */,
				C7DB792424E37E5C0007C0A8 /* X01GameView.swift in Sources */,
				C7DB793F24E37E840007C0A8 /* CricketScore.swift in Sources */,
				C7DB794024E37E840007C0A8 /* CricketGame.swift in Sources */,
				C7DB795024E37EA10007C0A8 /* DartAction.swift in Sources */,
				C7DB794624E37E970007C0A8 /* TurnChange.swift in Sources */,
				C7DB794224E37E8B0007C0A8 /* X01Game.swift in Sources */,
				C7DB794724E37E970007C0A8 /* DartThrow.swift in Sources */,
				C7DB792F24E37E6F0007C0A8 /* ViewStyle.swift in Sources */,
				C7DB793324E37E6F0007C0A8 /* Transitions.swift in Sources */,
				C7DB791524E37E380007C0A8 /* SettingsCardView.swift in Sources */,
				C7DB791924E37E480007C0A8 /* PlayerUnitView.swift in Sources */,
			);
			runOnlyForDeploymentPostprocessing = 0;
		};
/* End PBXSourcesBuildPhase section */

/* Begin PBXTargetDependency section */
		C7983E3422CACC1200ACC903 /* PBXTargetDependency */ = {
			isa = PBXTargetDependency;
			target = C7983E1B22CACC0E00ACC903 /* TheadDarts */;
			targetProxy = C7983E3322CACC1200ACC903 /* PBXContainerItemProxy */;
		};
		C7983E3F22CACC1200ACC903 /* PBXTargetDependency */ = {
			isa = PBXTargetDependency;
			target = C7983E1B22CACC0E00ACC903 /* TheadDarts */;
			targetProxy = C7983E3E22CACC1200ACC903 /* PBXContainerItemProxy */;
		};
/* End PBXTargetDependency section */

/* Begin XCBuildConfiguration section */
		C7983E4422CACC1200ACC903 /* Debug */ = {
			isa = XCBuildConfiguration;
			buildSettings = {
				ALWAYS_SEARCH_USER_PATHS = NO;
				CLANG_ANALYZER_NONNULL = YES;
				CLANG_ANALYZER_NUMBER_OBJECT_CONVERSION = YES_AGGRESSIVE;
				CLANG_CXX_LANGUAGE_STANDARD = "gnu++14";
				CLANG_CXX_LIBRARY = "libc++";
				CLANG_ENABLE_MODULES = YES;
				CLANG_ENABLE_OBJC_ARC = YES;
				CLANG_ENABLE_OBJC_WEAK = YES;
				CLANG_WARN_BLOCK_CAPTURE_AUTORELEASING = YES;
				CLANG_WARN_BOOL_CONVERSION = YES;
				CLANG_WARN_COMMA = YES;
				CLANG_WARN_CONSTANT_CONVERSION = YES;
				CLANG_WARN_DEPRECATED_OBJC_IMPLEMENTATIONS = YES;
				CLANG_WARN_DIRECT_OBJC_ISA_USAGE = YES_ERROR;
				CLANG_WARN_DOCUMENTATION_COMMENTS = YES;
				CLANG_WARN_EMPTY_BODY = YES;
				CLANG_WARN_ENUM_CONVERSION = YES;
				CLANG_WARN_INFINITE_RECURSION = YES;
				CLANG_WARN_INT_CONVERSION = YES;
				CLANG_WARN_NON_LITERAL_NULL_CONVERSION = YES;
				CLANG_WARN_OBJC_IMPLICIT_RETAIN_SELF = YES;
				CLANG_WARN_OBJC_LITERAL_CONVERSION = YES;
				CLANG_WARN_OBJC_ROOT_CLASS = YES_ERROR;
				CLANG_WARN_QUOTED_INCLUDE_IN_FRAMEWORK_HEADER = YES;
				CLANG_WARN_RANGE_LOOP_ANALYSIS = YES;
				CLANG_WARN_STRICT_PROTOTYPES = YES;
				CLANG_WARN_SUSPICIOUS_MOVE = YES;
				CLANG_WARN_UNGUARDED_AVAILABILITY = YES_AGGRESSIVE;
				CLANG_WARN_UNREACHABLE_CODE = YES;
				CLANG_WARN__DUPLICATE_METHOD_MATCH = YES;
				COPY_PHASE_STRIP = NO;
				DEBUG_INFORMATION_FORMAT = dwarf;
				ENABLE_STRICT_OBJC_MSGSEND = YES;
				ENABLE_TESTABILITY = YES;
				GCC_C_LANGUAGE_STANDARD = gnu11;
				GCC_DYNAMIC_NO_PIC = NO;
				GCC_NO_COMMON_BLOCKS = YES;
				GCC_OPTIMIZATION_LEVEL = 0;
				GCC_PREPROCESSOR_DEFINITIONS = (
					"DEBUG=1",
					"$(inherited)",
				);
				GCC_WARN_64_TO_32_BIT_CONVERSION = YES;
				GCC_WARN_ABOUT_RETURN_TYPE = YES_ERROR;
				GCC_WARN_UNDECLARED_SELECTOR = YES;
				GCC_WARN_UNINITIALIZED_AUTOS = YES_AGGRESSIVE;
				GCC_WARN_UNUSED_FUNCTION = YES;
				GCC_WARN_UNUSED_VARIABLE = YES;
				IPHONEOS_DEPLOYMENT_TARGET = 14.0;
				MTL_ENABLE_DEBUG_INFO = INCLUDE_SOURCE;
				MTL_FAST_MATH = YES;
				ONLY_ACTIVE_ARCH = YES;
				SDKROOT = iphoneos;
				SWIFT_ACTIVE_COMPILATION_CONDITIONS = DEBUG;
				SWIFT_OPTIMIZATION_LEVEL = "-Onone";
			};
			name = Debug;
		};
		C7983E4522CACC1200ACC903 /* Release */ = {
			isa = XCBuildConfiguration;
			buildSettings = {
				ALWAYS_SEARCH_USER_PATHS = NO;
				CLANG_ANALYZER_NONNULL = YES;
				CLANG_ANALYZER_NUMBER_OBJECT_CONVERSION = YES_AGGRESSIVE;
				CLANG_CXX_LANGUAGE_STANDARD = "gnu++14";
				CLANG_CXX_LIBRARY = "libc++";
				CLANG_ENABLE_MODULES = YES;
				CLANG_ENABLE_OBJC_ARC = YES;
				CLANG_ENABLE_OBJC_WEAK = YES;
				CLANG_WARN_BLOCK_CAPTURE_AUTORELEASING = YES;
				CLANG_WARN_BOOL_CONVERSION = YES;
				CLANG_WARN_COMMA = YES;
				CLANG_WARN_CONSTANT_CONVERSION = YES;
				CLANG_WARN_DEPRECATED_OBJC_IMPLEMENTATIONS = YES;
				CLANG_WARN_DIRECT_OBJC_ISA_USAGE = YES_ERROR;
				CLANG_WARN_DOCUMENTATION_COMMENTS = YES;
				CLANG_WARN_EMPTY_BODY = YES;
				CLANG_WARN_ENUM_CONVERSION = YES;
				CLANG_WARN_INFINITE_RECURSION = YES;
				CLANG_WARN_INT_CONVERSION = YES;
				CLANG_WARN_NON_LITERAL_NULL_CONVERSION = YES;
				CLANG_WARN_OBJC_IMPLICIT_RETAIN_SELF = YES;
				CLANG_WARN_OBJC_LITERAL_CONVERSION = YES;
				CLANG_WARN_OBJC_ROOT_CLASS = YES_ERROR;
				CLANG_WARN_QUOTED_INCLUDE_IN_FRAMEWORK_HEADER = YES;
				CLANG_WARN_RANGE_LOOP_ANALYSIS = YES;
				CLANG_WARN_STRICT_PROTOTYPES = YES;
				CLANG_WARN_SUSPICIOUS_MOVE = YES;
				CLANG_WARN_UNGUARDED_AVAILABILITY = YES_AGGRESSIVE;
				CLANG_WARN_UNREACHABLE_CODE = YES;
				CLANG_WARN__DUPLICATE_METHOD_MATCH = YES;
				COPY_PHASE_STRIP = NO;
				DEBUG_INFORMATION_FORMAT = "dwarf-with-dsym";
				ENABLE_NS_ASSERTIONS = NO;
				ENABLE_STRICT_OBJC_MSGSEND = YES;
				GCC_C_LANGUAGE_STANDARD = gnu11;
				GCC_NO_COMMON_BLOCKS = YES;
				GCC_WARN_64_TO_32_BIT_CONVERSION = YES;
				GCC_WARN_ABOUT_RETURN_TYPE = YES_ERROR;
				GCC_WARN_UNDECLARED_SELECTOR = YES;
				GCC_WARN_UNINITIALIZED_AUTOS = YES_AGGRESSIVE;
				GCC_WARN_UNUSED_FUNCTION = YES;
				GCC_WARN_UNUSED_VARIABLE = YES;
				IPHONEOS_DEPLOYMENT_TARGET = 14.0;
				MTL_ENABLE_DEBUG_INFO = NO;
				MTL_FAST_MATH = YES;
				SDKROOT = iphoneos;
				SWIFT_COMPILATION_MODE = wholemodule;
				SWIFT_OPTIMIZATION_LEVEL = "-O";
				VALIDATE_PRODUCT = YES;
			};
			name = Release;
		};
		C7983E4722CACC1200ACC903 /* Debug */ = {
			isa = XCBuildConfiguration;
			buildSettings = {
				ASSETCATALOG_COMPILER_APPICON_NAME = AppIcon;
				CODE_SIGN_STYLE = Automatic;
				CURRENT_PROJECT_VERSION = 1;
				DEVELOPMENT_ASSET_PATHS = "TheadDarts/Preview\\ Content";
				DEVELOPMENT_TEAM = X94L6WV9DW;
				ENABLE_PREVIEWS = YES;
				INFOPLIST_FILE = TheadDarts/Info.plist;
				IPHONEOS_DEPLOYMENT_TARGET = 14.0;
				LD_RUNPATH_SEARCH_PATHS = (
					"$(inherited)",
					"@executable_path/Frameworks",
				);
				MARKETING_VERSION = 2021.1;
				PRODUCT_BUNDLE_IDENTIFIER = thead.TheadDarts;
				PRODUCT_NAME = Darts;
				SWIFT_VERSION = 5.0;
				TARGETED_DEVICE_FAMILY = "1,2";
			};
			name = Debug;
		};
		C7983E4822CACC1200ACC903 /* Release */ = {
			isa = XCBuildConfiguration;
			buildSettings = {
				ASSETCATALOG_COMPILER_APPICON_NAME = AppIcon;
				CODE_SIGN_STYLE = Automatic;
				CURRENT_PROJECT_VERSION = 1;
				DEVELOPMENT_ASSET_PATHS = "TheadDarts/Preview\\ Content";
				DEVELOPMENT_TEAM = X94L6WV9DW;
				ENABLE_PREVIEWS = YES;
				INFOPLIST_FILE = TheadDarts/Info.plist;
				IPHONEOS_DEPLOYMENT_TARGET = 14.0;
				LD_RUNPATH_SEARCH_PATHS = (
					"$(inherited)",
					"@executable_path/Frameworks",
				);
				MARKETING_VERSION = 2021.1;
				PRODUCT_BUNDLE_IDENTIFIER = thead.TheadDarts;
				PRODUCT_NAME = Darts;
				SWIFT_VERSION = 5.0;
				TARGETED_DEVICE_FAMILY = "1,2";
			};
			name = Release;
		};
		C7983E4A22CACC1200ACC903 /* Debug */ = {
			isa = XCBuildConfiguration;
			buildSettings = {
				ALWAYS_EMBED_SWIFT_STANDARD_LIBRARIES = YES;
				BUNDLE_LOADER = "$(TEST_HOST)";
				CODE_SIGN_STYLE = Automatic;
				DEVELOPMENT_TEAM = X94L6WV9DW;
				INFOPLIST_FILE = TheadDartsTests/Info.plist;
				LD_RUNPATH_SEARCH_PATHS = (
					"$(inherited)",
					"@executable_path/Frameworks",
					"@loader_path/Frameworks",
				);
				PRODUCT_BUNDLE_IDENTIFIER = thead.TheadDartsTests;
				PRODUCT_NAME = "$(TARGET_NAME)";
				SWIFT_VERSION = 5.0;
				TARGETED_DEVICE_FAMILY = "1,2";
				TEST_HOST = "$(BUILT_PRODUCTS_DIR)/Darts.app/Darts";
			};
			name = Debug;
		};
		C7983E4B22CACC1200ACC903 /* Release */ = {
			isa = XCBuildConfiguration;
			buildSettings = {
				ALWAYS_EMBED_SWIFT_STANDARD_LIBRARIES = YES;
				BUNDLE_LOADER = "$(TEST_HOST)";
				CODE_SIGN_STYLE = Automatic;
				DEVELOPMENT_TEAM = X94L6WV9DW;
				INFOPLIST_FILE = TheadDartsTests/Info.plist;
				LD_RUNPATH_SEARCH_PATHS = (
					"$(inherited)",
					"@executable_path/Frameworks",
					"@loader_path/Frameworks",
				);
				PRODUCT_BUNDLE_IDENTIFIER = thead.TheadDartsTests;
				PRODUCT_NAME = "$(TARGET_NAME)";
				SWIFT_VERSION = 5.0;
				TARGETED_DEVICE_FAMILY = "1,2";
				TEST_HOST = "$(BUILT_PRODUCTS_DIR)/Darts.app/Darts";
			};
			name = Release;
		};
		C7983E4D22CACC1200ACC903 /* Debug */ = {
			isa = XCBuildConfiguration;
			buildSettings = {
				ALWAYS_EMBED_SWIFT_STANDARD_LIBRARIES = YES;
				CODE_SIGN_STYLE = Automatic;
				DEVELOPMENT_TEAM = X94L6WV9DW;
				INFOPLIST_FILE = TheadDartsUITests/Info.plist;
				LD_RUNPATH_SEARCH_PATHS = (
					"$(inherited)",
					"@executable_path/Frameworks",
					"@loader_path/Frameworks",
				);
				PRODUCT_BUNDLE_IDENTIFIER = thead.TheadDartsUITests;
				PRODUCT_NAME = "$(TARGET_NAME)";
				SWIFT_VERSION = 5.0;
				TARGETED_DEVICE_FAMILY = "1,2";
				TEST_TARGET_NAME = TheadDarts;
			};
			name = Debug;
		};
		C7983E4E22CACC1200ACC903 /* Release */ = {
			isa = XCBuildConfiguration;
			buildSettings = {
				ALWAYS_EMBED_SWIFT_STANDARD_LIBRARIES = YES;
				CODE_SIGN_STYLE = Automatic;
				DEVELOPMENT_TEAM = X94L6WV9DW;
				INFOPLIST_FILE = TheadDartsUITests/Info.plist;
				LD_RUNPATH_SEARCH_PATHS = (
					"$(inherited)",
					"@executable_path/Frameworks",
					"@loader_path/Frameworks",
				);
				PRODUCT_BUNDLE_IDENTIFIER = thead.TheadDartsUITests;
				PRODUCT_NAME = "$(TARGET_NAME)";
				SWIFT_VERSION = 5.0;
				TARGETED_DEVICE_FAMILY = "1,2";
				TEST_TARGET_NAME = TheadDarts;
			};
			name = Release;
		};
/* End XCBuildConfiguration section */

/* Begin XCConfigurationList section */
		C7983E1722CACC0E00ACC903 /* Build configuration list for PBXProject "TheadDarts" */ = {
			isa = XCConfigurationList;
			buildConfigurations = (
				C7983E4422CACC1200ACC903 /* Debug */,
				C7983E4522CACC1200ACC903 /* Release */,
			);
			defaultConfigurationIsVisible = 0;
			defaultConfigurationName = Release;
		};
		C7983E4622CACC1200ACC903 /* Build configuration list for PBXNativeTarget "TheadDarts" */ = {
			isa = XCConfigurationList;
			buildConfigurations = (
				C7983E4722CACC1200ACC903 /* Debug */,
				C7983E4822CACC1200ACC903 /* Release */,
			);
			defaultConfigurationIsVisible = 0;
			defaultConfigurationName = Release;
		};
		C7983E4922CACC1200ACC903 /* Build configuration list for PBXNativeTarget "TheadDartsTests" */ = {
			isa = XCConfigurationList;
			buildConfigurations = (
				C7983E4A22CACC1200ACC903 /* Debug */,
				C7983E4B22CACC1200ACC903 /* Release */,
			);
			defaultConfigurationIsVisible = 0;
			defaultConfigurationName = Release;
		};
		C7983E4C22CACC1200ACC903 /* Build configuration list for PBXNativeTarget "TheadDartsUITests" */ = {
			isa = XCConfigurationList;
			buildConfigurations = (
				C7983E4D22CACC1200ACC903 /* Debug */,
				C7983E4E22CACC1200ACC903 /* Release */,
			);
			defaultConfigurationIsVisible = 0;
			defaultConfigurationName = Release;
		};
/* End XCConfigurationList section */
	};
	rootObject = C7983E1422CACC0E00ACC903 /* Project object */;
}
